
Microsoft Visual Studio Solution File, Format Version 12.00
# Visual Studio Version 17
VisualStudioVersion = 17.3.32825.248
MinimumVisualStudioVersion = 10.0.40219.1
Project("{FAE04EC0-301F-11D3-BF4B-00C04F79EFBC}") = "C_sharp_lesson_5", "C_sharp_lesson_5.csproj", "{CEC66F57-6259-4F28-901B-DDB703431544}"
EndProject
Global
	GlobalSection(SolutionConfigurationPlatforms) = preSolution
		Debug|Any CPU = Debug|Any CPU
		Release|Any CPU = Release|Any CPU
	EndGlobalSection
	GlobalSection(ProjectConfigurationPlatforms) = postSolution
		{CEC66F57-6259-4F28-901B-DDB703431544}.Debug|Any CPU.ActiveCfg = Debug|Any CPU
		{CEC66F57-6259-4F28-901B-DDB703431544}.Debug|Any CPU.Build.0 = Debug|Any CPU
		{CEC66F57-6259-4F28-901B-DDB703431544}.Release|Any CPU.ActiveCfg = Release|Any CPU
		{CEC66F57-6259-4F28-901B-DDB703431544}.Release|Any CPU.Build.0 = Release|Any CPU
	EndGlobalSection
	GlobalSection(SolutionProperties) = preSolution
		HideSolutionNode = FALSE
	EndGlobalSection
	GlobalSection(ExtensibilityGlobals) = postSolution
		SolutionGuid = {6217B26A-217F-4122-9358-934466567036}
	EndGlobalSection
EndGlobal
